
Microsoft Visual Studio Solution File, Format Version 12.00
# Visual Studio Version 17
VisualStudioVersion = 17.14.36623.8 d17.14
MinimumVisualStudioVersion = 10.0.40219.1
Project("{FAE04EC0-301F-11D3-BF4B-00C04F79EFBC}") = "TukitaSystem", "TukitaSystem\TukitaSystem.csproj", "{A1A7C124-D04E-4280-BEC7-4A006849EA2A}"
EndProject
Project("{FAE04EC0-301F-11D3-BF4B-00C04F79EFBC}") = "TukitaSystem.Tests", "TukitaSystem.Tests\TukitaSystem.Tests.csproj", "{9A573303-B9FB-4594-A796-163447A7D7F5}"
EndProject
Global
	GlobalSection(SolutionConfigurationPlatforms) = preSolution
		Debug|Any CPU = Debug|Any CPU
		Release|Any CPU = Release|Any CPU
	EndGlobalSection
	GlobalSection(ProjectConfigurationPlatforms) = postSolution
		{A1A7C124-D04E-4280-BEC7-4A006849EA2A}.Debug|Any CPU.ActiveCfg = Debug|Any CPU
		{A1A7C124-D04E-4280-BEC7-4A006849EA2A}.Debug|Any CPU.Build.0 = Debug|Any CPU
		{A1A7C124-D04E-4280-BEC7-4A006849EA2A}.Release|Any CPU.ActiveCfg = Release|Any CPU
		{A1A7C124-D04E-4280-BEC7-4A006849EA2A}.Release|Any CPU.Build.0 = Release|Any CPU
		{9A573303-B9FB-4594-A796-163447A7D7F5}.Debug|Any CPU.ActiveCfg = Debug|Any CPU
		{9A573303-B9FB-4594-A796-163447A7D7F5}.Debug|Any CPU.Build.0 = Debug|Any CPU
		{9A573303-B9FB-4594-A796-163447A7D7F5}.Release|Any CPU.ActiveCfg = Release|Any CPU
		{9A573303-B9FB-4594-A796-163447A7D7F5}.Release|Any CPU.Build.0 = Release|Any CPU
	EndGlobalSection
	GlobalSection(SolutionProperties) = preSolution
		HideSolutionNode = FALSE
	EndGlobalSection
	GlobalSection(ExtensibilityGlobals) = postSolution
		SolutionGuid = {5A0F2E84-DA06-4557-ACDD-D51BD4126972}
	EndGlobalSection
EndGlobal
